
Microsoft Visual Studio Solution File, Format Version 12.00
# Visual Studio Version 17
VisualStudioVersion = 17.0.32112.339
MinimumVisualStudioVersion = 10.0.40219.1
Project("{FAE04EC0-301F-11D3-BF4B-00C04F79EFBC}") = "ProgrammableWallpaper", "ProgrammableWallpaper.csproj", "{F75F51AD-04DF-499D-9F83-6F1B019DF43F}"
EndProject
Global
	GlobalSection(SolutionConfigurationPlatforms) = preSolution
		Debug|Any CPU = Debug|Any CPU
		Release|Any CPU = Release|Any CPU
	EndGlobalSection
	GlobalSection(ProjectConfigurationPlatforms) = postSolution
		{F75F51AD-04DF-499D-9F83-6F1B019DF43F}.Debug|Any CPU.ActiveCfg = Debug|Any CPU
		{F75F51AD-04DF-499D-9F83-6F1B019DF43F}.Debug|Any CPU.Build.0 = Debug|Any CPU
		{F75F51AD-04DF-499D-9F83-6F1B019DF43F}.Release|Any CPU.ActiveCfg = Release|Any CPU
		{F75F51AD-04DF-499D-9F83-6F1B019DF43F}.Release|Any CPU.Build.0 = Release|Any CPU
	EndGlobalSection
	GlobalSection(SolutionProperties) = preSolution
		HideSolutionNode = FALSE
	EndGlobalSection
	GlobalSection(ExtensibilityGlobals) = postSolution
		SolutionGuid = {AD60907C-7E4D-44F4-9531-73B1C6C8B298}
	EndGlobalSection
EndGlobal
